
Microsoft Visual Studio Solution File, Format Version 12.00
# Visual Studio Express 2012 for Web
Project("{FAE04EC0-301F-11D3-BF4B-00C04F79EFBC}") = "CyberSecurity", "CyberSecurity\CyberSecurity.csproj", "{8F05B35C-5CF4-4384-A2AA-77F20E3A481C}"
EndProject
Project("{E24C65DC-7377-472B-9ABA-BC803B73C61A}") = "CyberSecurity.Web", "http://localhost:50835", "{2DC4D455-492C-4B87-AAA2-5DF707543336}"
	ProjectSection(WebsiteProperties) = preProject
		Debug.AspNetCompiler.Debug = "True"
		Debug.AspNetCompiler.FixedNames = "false"
		Debug.AspNetCompiler.ForceOverwrite = "true"
		Debug.AspNetCompiler.PhysicalPath = "CyberSecurity.Web\"
		Debug.AspNetCompiler.TargetPath = "PrecompiledWeb\localhost_50835\"
		Debug.AspNetCompiler.Updateable = "true"
		Debug.AspNetCompiler.VirtualPath = "/localhost_50835"
		DefaultWebSiteLanguage = "Visual C#"
		ProjOutputReferences = "{8F05B35C-5CF4-4384-A2AA-77F20E3A481C}|ClientBin|false;"
		Release.AspNetCompiler.Debug = "False"
		Release.AspNetCompiler.FixedNames = "false"
		Release.AspNetCompiler.ForceOverwrite = "true"
		Release.AspNetCompiler.PhysicalPath = "CyberSecurity.Web\"
		Release.AspNetCompiler.TargetPath = "PrecompiledWeb\localhost_50835\"
		Release.AspNetCompiler.Updateable = "true"
		Release.AspNetCompiler.VirtualPath = "/localhost_50835"
		SlnRelativePath = "CyberSecurity.Web\"
		TargetFrameworkMoniker = ".NETFramework,Version%3Dv4.0"
		UseIISExpress = "true"
	EndProjectSection
EndProject
Global
	GlobalSection(SolutionConfigurationPlatforms) = preSolution
		Debug|Any CPU = Debug|Any CPU
		Release|Any CPU = Release|Any CPU
	EndGlobalSection
	GlobalSection(ProjectConfigurationPlatforms) = postSolution
		{2DC4D455-492C-4B87-AAA2-5DF707543336}.Debug|Any CPU.ActiveCfg = Debug|Any CPU
		{2DC4D455-492C-4B87-AAA2-5DF707543336}.Debug|Any CPU.Build.0 = Debug|Any CPU
		{2DC4D455-492C-4B87-AAA2-5DF707543336}.Release|Any CPU.ActiveCfg = Debug|Any CPU
		{2DC4D455-492C-4B87-AAA2-5DF707543336}.Release|Any CPU.Build.0 = Debug|Any CPU
		{8F05B35C-5CF4-4384-A2AA-77F20E3A481C}.Debug|Any CPU.ActiveCfg = Debug|Any CPU
		{8F05B35C-5CF4-4384-A2AA-77F20E3A481C}.Debug|Any CPU.Build.0 = Debug|Any CPU
		{8F05B35C-5CF4-4384-A2AA-77F20E3A481C}.Release|Any CPU.ActiveCfg = Release|Any CPU
		{8F05B35C-5CF4-4384-A2AA-77F20E3A481C}.Release|Any CPU.Build.0 = Release|Any CPU
	EndGlobalSection
	GlobalSection(SolutionProperties) = preSolution
		HideSolutionNode = FALSE
	EndGlobalSection
EndGlobal
