
Microsoft Visual Studio Solution File, Format Version 12.00
# Visual Studio Express 2012 for Web
Project("{FAE04EC0-301F-11D3-BF4B-00C04F79EFBC}") = "CyberSecurity", "CyberSecurity\CyberSecurity.csproj", "{2C1923C6-2900-41CE-BE33-1325B0F5A8D3}"
EndProject
Project("{FAE04EC0-301F-11D3-BF4B-00C04F79EFBC}") = "CyberSecurity.Web", "CyberSecurity.Web\CyberSecurity.Web.csproj", "{9F0EE547-93D0-4988-8CCD-B522C97B2179}"
EndProject
Global
	GlobalSection(SolutionConfigurationPlatforms) = preSolution
		Debug|Any CPU = Debug|Any CPU
		Release|Any CPU = Release|Any CPU
	EndGlobalSection
	GlobalSection(ProjectConfigurationPlatforms) = postSolution
		{2C1923C6-2900-41CE-BE33-1325B0F5A8D3}.Debug|Any CPU.ActiveCfg = Debug|Any CPU
		{2C1923C6-2900-41CE-BE33-1325B0F5A8D3}.Debug|Any CPU.Build.0 = Debug|Any CPU
		{2C1923C6-2900-41CE-BE33-1325B0F5A8D3}.Release|Any CPU.ActiveCfg = Release|Any CPU
		{2C1923C6-2900-41CE-BE33-1325B0F5A8D3}.Release|Any CPU.Build.0 = Release|Any CPU
		{9F0EE547-93D0-4988-8CCD-B522C97B2179}.Debug|Any CPU.ActiveCfg = Debug|Any CPU
		{9F0EE547-93D0-4988-8CCD-B522C97B2179}.Debug|Any CPU.Build.0 = Debug|Any CPU
		{9F0EE547-93D0-4988-8CCD-B522C97B2179}.Release|Any CPU.ActiveCfg = Release|Any CPU
		{9F0EE547-93D0-4988-8CCD-B522C97B2179}.Release|Any CPU.Build.0 = Release|Any CPU
	EndGlobalSection
	GlobalSection(SolutionProperties) = preSolution
		HideSolutionNode = FALSE
	EndGlobalSection
EndGlobal
