
Microsoft Visual Studio Solution File, Format Version 12.00
# Visual Studio Express 2012 for Web
Project("{FAE04EC0-301F-11D3-BF4B-00C04F79EFBC}") = "CyberSecurity", "CyberSecurity\CyberSecurity.csproj", "{0222440D-8761-4718-ADEF-C03EBFAEC3E9}"
EndProject
Project("{FAE04EC0-301F-11D3-BF4B-00C04F79EFBC}") = "CyberSecurity.Web", "CyberSecurity.Web\CyberSecurity.Web.csproj", "{674349B8-4182-41A2-A6C6-1207AC161724}"
EndProject
Global
	GlobalSection(SolutionConfigurationPlatforms) = preSolution
		Debug|Any CPU = Debug|Any CPU
		Release|Any CPU = Release|Any CPU
	EndGlobalSection
	GlobalSection(ProjectConfigurationPlatforms) = postSolution
		{0222440D-8761-4718-ADEF-C03EBFAEC3E9}.Debug|Any CPU.ActiveCfg = Debug|Any CPU
		{0222440D-8761-4718-ADEF-C03EBFAEC3E9}.Debug|Any CPU.Build.0 = Debug|Any CPU
		{0222440D-8761-4718-ADEF-C03EBFAEC3E9}.Debug|Any CPU.Deploy.0 = Debug|Any CPU
		{0222440D-8761-4718-ADEF-C03EBFAEC3E9}.Release|Any CPU.ActiveCfg = Release|Any CPU
		{0222440D-8761-4718-ADEF-C03EBFAEC3E9}.Release|Any CPU.Build.0 = Release|Any CPU
		{674349B8-4182-41A2-A6C6-1207AC161724}.Debug|Any CPU.ActiveCfg = Debug|Any CPU
		{674349B8-4182-41A2-A6C6-1207AC161724}.Debug|Any CPU.Build.0 = Debug|Any CPU
		{674349B8-4182-41A2-A6C6-1207AC161724}.Release|Any CPU.ActiveCfg = Release|Any CPU
		{674349B8-4182-41A2-A6C6-1207AC161724}.Release|Any CPU.Build.0 = Release|Any CPU
	EndGlobalSection
	GlobalSection(SolutionProperties) = preSolution
		HideSolutionNode = FALSE
	EndGlobalSection
EndGlobal
